<?xml version="1.0" encoding="utf-8"?>
<Project ToolsVersion="4.0" xmlns="http://schemas.microsoft.com/developer/msbuild/2003">
  <ItemGroup>
    <ClCompile Include="Test009.cpp">
      <Filter>1주차</Filter>
    </ClCompile>
    <ClCompile Include="Test001.cpp">
      <Filter>1주차</Filter>
    </ClCompile>
    <ClCompile Include="Test002.cpp">
      <Filter>1주차</Filter>
    </ClCompile>
    <ClCompile Include="Test003.cpp">
      <Filter>1주차</Filter>
    </ClCompile>
    <ClCompile Include="Test004.cpp">
      <Filter>1주차</Filter>
    </ClCompile>
    <ClCompile Include="Test013.cpp">
      <Filter>2주차</Filter>
    </ClCompile>
    <ClCompile Include="Test014.cpp">
      <Filter>2주차</Filter>
    </ClCompile>
    <ClCompile Include="Test015.cpp">
      <Filter>2주차</Filter>
    </ClCompile>
    <ClCompile Include="Test016.cpp">
      <Filter>2주차</Filter>
    </ClCompile>
    <ClCompile Include="Test017.cpp">
      <Filter>2주차</Filter>
    </ClCompile>
    <ClCompile Include="Test018.cpp">
      <Filter>2주차</Filter>
    </ClCompile>
    <ClCompile Include="Test019.cpp">
      <Filter>2주차</Filter>
    </ClCompile>
    <ClCompile Include="Test011.cpp">
      <Filter>3주차</Filter>
    </ClCompile>
    <ClCompile Include="Test012.cpp">
      <Filter>3주차</Filter>
    </ClCompile>
    <ClCompile Include="Test020.cpp">
      <Filter>3주차</Filter>
    </ClCompile>
    <ClCompile Include="Test022.cpp">
      <Filter>3주차</Filter>
    </ClCompile>
    <ClCompile Include="Test027.cpp">
      <Filter>3주차</Filter>
    </ClCompile>
    <ClCompile Include="Test029.cpp">
      <Filter>3주차</Filter>
    </ClCompile>
    <ClCompile Include="Test030.cpp">
      <Filter>3주차</Filter>
    </ClCompile>
    <ClCompile Include="Test031.cpp">
      <Filter>3주차</Filter>
    </ClCompile>
    <ClCompile Include="Test032.cpp">
      <Filter>3주차</Filter>
    </ClCompile>
    <ClCompile Include="Test033.cpp">
      <Filter>3주차</Filter>
    </ClCompile>
    <ClCompile Include="Test034.cpp">
      <Filter>3주차</Filter>
    </ClCompile>
    <ClCompile Include="Test035.cpp">
      <Filter>3주차</Filter>
    </ClCompile>
    <ClCompile Include="Test040.cpp">
      <Filter>4주차</Filter>
    </ClCompile>
    <ClCompile Include="Test041.cpp">
      <Filter>4주차</Filter>
    </ClCompile>
    <ClCompile Include="Test042.cpp">
      <Filter>4주차</Filter>
    </ClCompile>
    <ClCompile Include="Test043.cpp">
      <Filter>4주차</Filter>
    </ClCompile>
    <ClCompile Include="Test044.cpp">
      <Filter>4주차</Filter>
    </ClCompile>
    <ClCompile Include="Test045.cpp">
      <Filter>4주차</Filter>
    </ClCompile>
    <ClCompile Include="Test046.cpp">
      <Filter>4주차</Filter>
    </ClCompile>
    <ClCompile Include="Test048.cpp">
      <Filter>4주차</Filter>
    </ClCompile>
    <ClCompile Include="Test049.cpp">
      <Filter>4주차</Filter>
    </ClCompile>
    <ClCompile Include="Test050.cpp">
      <Filter>4주차</Filter>
    </ClCompile>
    <ClCompile Include="Test051.cpp">
      <Filter>4주차</Filter>
    </ClCompile>
    <ClCompile Include="Test052.cpp">
      <Filter>4주차</Filter>
    </ClCompile>
    <ClCompile Include="Test053.cpp">
      <Filter>4주차</Filter>
    </ClCompile>
    <ClCompile Include="Test054.cpp">
      <Filter>4주차</Filter>
    </ClCompile>
    <ClCompile Include="Test055.cpp">
      <Filter>4주차</Filter>
    </ClCompile>
    <ClCompile Include="Test074.cpp">
      <Filter>5주차</Filter>
    </ClCompile>
    <ClCompile Include="Test058.cpp">
      <Filter>5주차</Filter>
    </ClCompile>
    <ClCompile Include="Test059.cpp">
      <Filter>5주차</Filter>
    </ClCompile>
    <ClCompile Include="Test060.cpp">
      <Filter>5주차</Filter>
    </ClCompile>
    <ClCompile Include="Test061.cpp">
      <Filter>5주차</Filter>
    </ClCompile>
    <ClCompile Include="Test062.cpp">
      <Filter>5주차</Filter>
    </ClCompile>
    <ClCompile Include="Test063.cpp">
      <Filter>5주차</Filter>
    </ClCompile>
    <ClCompile Include="Test064.cpp">
      <Filter>5주차</Filter>
    </ClCompile>
    <ClCompile Include="Test065.cpp">
      <Filter>5주차</Filter>
    </ClCompile>
    <ClCompile Include="Test066.cpp">
      <Filter>5주차</Filter>
    </ClCompile>
    <ClCompile Include="Test067.cpp">
      <Filter>5주차</Filter>
    </ClCompile>
    <ClCompile Include="Test068.cpp">
      <Filter>5주차</Filter>
    </ClCompile>
    <ClCompile Include="Test069.cpp">
      <Filter>5주차</Filter>
    </ClCompile>
    <ClCompile Include="Test070.cpp">
      <Filter>5주차</Filter>
    </ClCompile>
    <ClCompile Include="Test071.cpp">
      <Filter>5주차</Filter>
    </ClCompile>
    <ClCompile Include="Test072.cpp">
      <Filter>5주차</Filter>
    </ClCompile>
    <ClCompile Include="Test073.cpp">
      <Filter>5주차</Filter>
    </ClCompile>
    <ClCompile Include="Test075-239.cpp">
      <Filter>6주차</Filter>
    </ClCompile>
    <ClCompile Include="Test076-076.cpp">
      <Filter>6주차</Filter>
    </ClCompile>
    <ClCompile Include="Test077-424.cpp">
      <Filter>6주차</Filter>
    </ClCompile>
    <ClCompile Include="Test078-122.cpp">
      <Filter>6주차</Filter>
    </ClCompile>
    <ClCompile Include="Test079-406.cpp">
      <Filter>6주차</Filter>
    </ClCompile>
    <ClCompile Include="Test080-621.cpp">
      <Filter>6주차</Filter>
    </ClCompile>
    <ClCompile Include="Test088-198.cpp">
      <Filter>6주차</Filter>
    </ClCompile>
    <ClCompile Include="Test081-134.cpp">
      <Filter>6주차</Filter>
    </ClCompile>
    <ClCompile Include="Test082-455.cpp">
      <Filter>6주차</Filter>
    </ClCompile>
    <ClCompile Include="Test083-169.cpp">
      <Filter>6주차</Filter>
    </ClCompile>
    <ClCompile Include="Test084-241.cpp">
      <Filter>6주차</Filter>
    </ClCompile>
    <ClCompile Include="Test085-509.cpp">
      <Filter>6주차</Filter>
    </ClCompile>
    <ClCompile Include="Test086-053.cpp">
      <Filter>6주차</Filter>
    </ClCompile>
    <ClCompile Include="Test087-070.cpp">
      <Filter>6주차</Filter>
    </ClCompile>
    <ClCompile Include="Test_비밀지도.cpp">
      <Filter>7주차</Filter>
    </ClCompile>
    <ClCompile Include="Test_다트게임.cpp">
      <Filter>7주차</Filter>
    </ClCompile>
    <ClCompile Include="Test_캐시.cpp">
      <Filter>7주차</Filter>
    </ClCompile>
    <ClCompile Include="Test_셔틀버스.cpp">
      <Filter>7주차</Filter>
    </ClCompile>
    <ClCompile Include="Test_뉴스클러스터링.cpp">
      <Filter>7주차</Filter>
    </ClCompile>
    <ClCompile Include="Test_프렌즈4블록.cpp">
      <Filter>7주차</Filter>
    </ClCompile>
  </ItemGroup>
  <ItemGroup>
    <Filter Include="1주차">
      <UniqueIdentifier>{3f05b9b8-ce46-4b02-99d8-19968b907f07}</UniqueIdentifier>
    </Filter>
    <Filter Include="2주차">
      <UniqueIdentifier>{7b893485-1e5f-4bdb-a6a3-637db68e9d10}</UniqueIdentifier>
    </Filter>
    <Filter Include="3주차">
      <UniqueIdentifier>{b9df24d5-ba3f-41d9-99d6-e26f4beae7c9}</UniqueIdentifier>
    </Filter>
    <Filter Include="4주차">
      <UniqueIdentifier>{c1e4c6e5-3c8c-43d5-9c35-09619d0fe3b2}</UniqueIdentifier>
    </Filter>
    <Filter Include="5주차">
      <UniqueIdentifier>{5bf2d9f9-0849-4db5-8c8a-90bfab9dc750}</UniqueIdentifier>
    </Filter>
    <Filter Include="6주차">
      <UniqueIdentifier>{ea07c528-88be-4f34-884a-520f61fdb33f}</UniqueIdentifier>
    </Filter>
    <Filter Include="7주차">
      <UniqueIdentifier>{29585fbc-407b-4806-b688-51007747387b}</UniqueIdentifier>
    </Filter>
  </ItemGroup>
</Project>